
Microsoft Visual Studio Solution File, Format Version 12.00
# Visual Studio 15
Project("{FAE04EC0-301F-11D3-BF4B-00C04F79EFBC}") = "asynctest", "asynctest\asynctest.csproj", "{27EE2F6E-D75E-4666-A46A-BD29168829BE}"
EndProject
Global
	GlobalSection(SolutionConfigurationPlatforms) = preSolution
		Debug|Any CPU = Debug|Any CPU
		Release|Any CPU = Release|Any CPU
	EndGlobalSection
	GlobalSection(ProjectConfigurationPlatforms) = postSolution
		{27EE2F6E-D75E-4666-A46A-BD29168829BE}.Debug|Any CPU.ActiveCfg = Debug|Any CPU
		{27EE2F6E-D75E-4666-A46A-BD29168829BE}.Debug|Any CPU.Build.0 = Debug|Any CPU
		{27EE2F6E-D75E-4666-A46A-BD29168829BE}.Release|Any CPU.ActiveCfg = Release|Any CPU
		{27EE2F6E-D75E-4666-A46A-BD29168829BE}.Release|Any CPU.Build.0 = Release|Any CPU
	EndGlobalSection
EndGlobal
